{
  "name": "@flowerrealm/realmx",
  "version": "0.0.0-dev",
  "lockfileVersion": 3,
  "packages": {
    "": {
      "name": "@flowerrealm/realmx",
      "version": "0.0.0-dev",
      "license": "Apache-2.0",
      "bin": {
        "realmx": "bin/realmx.js"
      },
      "engines": {
        "node": ">=16"
      }
    }
  }
}
